{
  "name": "database",
  "lockfileVersion": 3,
  "requires": true,
  "packages": {
    "": {
      "dependencies": {
        "@pinecone-database/pinecone": "^5.1.2"
      }
    },
    "node_modules/@pinecone-database/pinecone": {
      "version": "5.1.2",
      "resolved": "https://registry.npmjs.org/@pinecone-database/pinecone/-/pinecone-5.1.2.tgz",
      "integrity": "sha512-z7737KUA1hXwd508q1+o4bnRxj0NpMmzA2beyaFm7Y+EC2TYLT5ABuYsn/qhiwiEsYp8v1qS596eBhhvgNagig==",
      "license": "Apache-2.0",
      "engines": {
        "node": ">=18.0.0"
      }
    }
  }
}
